// !$*UTF8*$!
{
	archiveVersion = 1;
	classes = {
	};
	objectVersion = 50;
	objects = {

/* Begin PBXBuildFile section */
		D823CF1A209E9B5200B43741 /* AppDelegate.swift in Sources */ = {isa = PBXBuildFile; fileRef = D823CF19209E9B5200B43741 /* AppDelegate.swift */; };
		D823CF1C209E9B5200B43741 /* ViewController.swift in Sources */ = {isa = PBXBuildFile; fileRef = D823CF1B209E9B5200B43741 /* ViewController.swift */; };
		D823CF1E209E9B5300B43741 /* Assets.xcassets in Resources */ = {isa = PBXBuildFile; fileRef = D823CF1D209E9B5300B43741 /* Assets.xcassets */; };
		D823CF21209E9B5300B43741 /* Main.storyboard in Resources */ = {isa = PBXBuildFile; fileRef = D823CF1F209E9B5300B43741 /* Main.storyboard */; };
		D823CF2A209E9C5F00B43741 /* MyGLView.swift in Sources */ = {isa = PBXBuildFile; fileRef = D823CF29209E9C5F00B43741 /* MyGLView.swift */; };
/* End PBXBuildFile section */

/* Begin PBXFileReference section */
		D823CF16209E9B5200B43741 /* Cocoa&OpenGL.app */ = {isa = PBXFileReference; explicitFileType = wrapper.application; includeInIndex = 0; path = "Cocoa&OpenGL.app"; sourceTree = BUILT_PRODUCTS_DIR; };
		D823CF19209E9B5200B43741 /* AppDelegate.swift */ = {isa = PBXFileReference; lastKnownFileType = sourcecode.swift; path = AppDelegate.swift; sourceTree = "<group>"; };
		D823CF1B209E9B5200B43741 /* ViewController.swift */ = {isa = PBXFileReference; lastKnownFileType = sourcecode.swift; path = ViewController.swift; sourceTree = "<group>"; };
		D823CF1D209E9B5300B43741 /* Assets.xcassets */ = {isa = PBXFileReference; lastKnownFileType = folder.assetcatalog; path = Assets.xcassets; sourceTree = "<group>"; };
		D823CF20209E9B5300B43741 /* Base */ = {isa = PBXFileReference; lastKnownFileType = file.storyboard; name = Base; path = Base.lproj/Main.storyboard; sourceTree = "<group>"; };
		D823CF22209E9B5300B43741 /* Info.plist */ = {isa = PBXFileReference; lastKnownFileType = text.plist.xml; path = Info.plist; sourceTree = "<group>"; };
		D823CF23209E9B5300B43741 /* Cocoa_OpenGL.entitlements */ = {isa = PBXFileReference; lastKnownFileType = text.plist.entitlements; path = Cocoa_OpenGL.entitlements; sourceTree = "<group>"; };
		D823CF29209E9C5F00B43741 /* MyGLView.swift */ = {isa = PBXFileReference; lastKnownFileType = sourcecode.swift; path = MyGLView.swift; sourceTree = "<group>"; };
		D823CF2B209E9C9900B43741 /* OpenGLReadMe.md */ = {isa = PBXFileReference; lastKnownFileType = net.daringfireball.markdown; path = OpenGLReadMe.md; sourceTree = "<group>"; };
		D823CF2D209F079D00B43741 /* OpenGL.framework */ = {isa = PBXFileReference; lastKnownFileType = wrapper.framework; name = OpenGL.framework; path = System/Library/Frameworks/OpenGL.framework; sourceTree = SDKROOT; };
		D823CF2F209F07A900B43741 /* GLUT.framework */ = {isa = PBXFileReference; lastKnownFileType = wrapper.framework; name = GLUT.framework; path = System/Library/Frameworks/GLUT.framework; sourceTree = SDKROOT; };
/* End PBXFileReference section */

/* Begin PBXFrameworksBuildPhase section */
		D823CF13209E9B5200B43741 /* Frameworks */ = {
			isa = PBXFrameworksBuildPhase;
			buildActionMask = 2147483647;
			files = (
			);
			runOnlyForDeploymentPostprocessing = 0;
		};
/* End PBXFrameworksBuildPhase section */

/* Begin PBXGroup section */
		D823CF0D209E9B5200B43741 = {
			isa = PBXGroup;
			children = (
				D823CF18209E9B5200B43741 /* Cocoa&OpenGL */,
				D823CF17209E9B5200B43741 /* Products */,
				D823CF2C209F079C00B43741 /* Frameworks */,
			);
			sourceTree = "<group>";
		};
		D823CF17209E9B5200B43741 /* Products */ = {
			isa = PBXGroup;
			children = (
				D823CF16209E9B5200B43741 /* Cocoa&OpenGL.app */,
			);
			name = Products;
			sourceTree = "<group>";
		};
		D823CF18209E9B5200B43741 /* Cocoa&OpenGL */ = {
			isa = PBXGroup;
			children = (
				D823CF19209E9B5200B43741 /* AppDelegate.swift */,
				D823CF1B209E9B5200B43741 /* ViewController.swift */,
				D823CF29209E9C5F00B43741 /* MyGLView.swift */,
				D823CF2B209E9C9900B43741 /* OpenGLReadMe.md */,
				D823CF1D209E9B5300B43741 /* Assets.xcassets */,
				D823CF1F209E9B5300B43741 /* Main.storyboard */,
				D823CF22209E9B5300B43741 /* Info.plist */,
				D823CF23209E9B5300B43741 /* Cocoa_OpenGL.entitlements */,
			);
			path = "Cocoa&OpenGL";
			sourceTree = "<group>";
		};
		D823CF2C209F079C00B43741 /* Frameworks */ = {
			isa = PBXGroup;
			children = (
				D823CF2F209F07A900B43741 /* GLUT.framework */,
				D823CF2D209F079D00B43741 /* OpenGL.framework */,
			);
			name = Frameworks;
			sourceTree = "<group>";
		};
/* End PBXGroup section */

/* Begin PBXNativeTarget section */
		D823CF15209E9B5200B43741 /* Cocoa&OpenGL */ = {
			isa = PBXNativeTarget;
			buildConfigurationList = D823CF26209E9B5300B43741 /* Build configuration list for PBXNativeTarget "Cocoa&OpenGL" */;
			buildPhases = (
				D823CF12209E9B5200B43741 /* Sources */,
				D823CF13209E9B5200B43741 /* Frameworks */,
				D823CF14209E9B5200B43741 /* Resources */,
			);
			buildRules = (
			);
			dependencies = (
			);
			name = "Cocoa&OpenGL";
			productName = "Cocoa&OpenGL";
			productReference = D823CF16209E9B5200B43741 /* Cocoa&OpenGL.app */;
			productType = "com.apple.product-type.application";
		};
/* End PBXNativeTarget section */

/* Begin PBXProject section */
		D823CF0E209E9B5200B43741 /* Project object */ = {
			isa = PBXProject;
			attributes = {
				LastSwiftUpdateCheck = 0930;
				LastUpgradeCheck = 0930;
				ORGANIZATIONNAME = Alexcai;
				TargetAttributes = {
					D823CF15209E9B5200B43741 = {
						CreatedOnToolsVersion = 9.3;
					};
				};
			};
			buildConfigurationList = D823CF11209E9B5200B43741 /* Build configuration list for PBXProject "Cocoa&OpenGL" */;
			compatibilityVersion = "Xcode 9.3";
			developmentRegion = en;
			hasScannedForEncodings = 0;
			knownRegions = (
				en,
				Base,
			);
			mainGroup = D823CF0D209E9B5200B43741;
			productRefGroup = D823CF17209E9B5200B43741 /* Products */;
			projectDirPath = "";
			projectRoot = "";
			targets = (
				D823CF15209E9B5200B43741 /* Cocoa&OpenGL */,
			);
		};
/* End PBXProject section */

/* Begin PBXResourcesBuildPhase section */
		D823CF14209E9B5200B43741 /* Resources */ = {
			isa = PBXResourcesBuildPhase;
			buildActionMask = 2147483647;
			files = (
				D823CF1E209E9B5300B43741 /* Assets.xcassets in Resources */,
				D823CF21209E9B5300B43741 /* Main.storyboard in Resources */,
			);
			runOnlyForDeploymentPostprocessing = 0;
		};
/* End PBXResourcesBuildPhase section */

/* Begin PBXSourcesBuildPhase section */
		D823CF12209E9B5200B43741 /* Sources */ = {
			isa = PBXSourcesBuildPhase;
			buildActionMask = 2147483647;
			files = (
				D823CF1C209E9B5200B43741 /* ViewController.swift in Sources */,
				D823CF2A209E9C5F00B43741 /* MyGLView.swift in Sources */,
				D823CF1A209E9B5200B43741 /* AppDelegate.swift in Sources */,
			);
			runOnlyForDeploymentPostprocessing = 0;
		};
/* End PBXSourcesBuildPhase section */

/* Begin PBXVariantGroup section */
		D823CF1F209E9B5300B43741 /* Main.storyboard */ = {
			isa = PBXVariantGroup;
			children = (
				D823CF20209E9B5300B43741 /* Base */,
			);
			name = Main.storyboard;
			sourceTree = "<group>";
		};
/* End PBXVariantGroup section */

/* Begin XCBuildConfiguration section */
		D823CF24209E9B5300B43741 /* Debug */ = {
			isa = XCBuildConfiguration;
			buildSettings = {
				ALWAYS_SEARCH_USER_PATHS = NO;
				CLANG_ANALYZER_NONNULL = YES;
				CLANG_ANALYZER_NUMBER_OBJECT_CONVERSION = YES_AGGRESSIVE;
				CLANG_CXX_LANGUAGE_STANDARD = "gnu++14";
				CLANG_CXX_LIBRARY = "libc++";
				CLANG_ENABLE_MODULES = YES;
				CLANG_ENABLE_OBJC_ARC = YES;
				CLANG_ENABLE_OBJC_WEAK = YES;
				CLANG_WARN_BLOCK_CAPTURE_AUTORELEASING = YES;
				CLANG_WARN_BOOL_CONVERSION = YES;
				CLANG_WARN_COMMA = YES;
				CLANG_WARN_CONSTANT_CONVERSION = YES;
				CLANG_WARN_DEPRECATED_OBJC_IMPLEMENTATIONS = YES;
				CLANG_WARN_DIRECT_OBJC_ISA_USAGE = YES_ERROR;
				CLANG_WARN_DOCUMENTATION_COMMENTS = YES;
				CLANG_WARN_EMPTY_BODY = YES;
				CLANG_WARN_ENUM_CONVERSION = YES;
				CLANG_WARN_INFINITE_RECURSION = YES;
				CLANG_WARN_INT_CONVERSION = YES;
				CLANG_WARN_NON_LITERAL_NULL_CONVERSION = YES;
				CLANG_WARN_OBJC_IMPLICIT_RETAIN_SELF = YES;
				CLANG_WARN_OBJC_LITERAL_CONVERSION = YES;
				CLANG_WARN_OBJC_ROOT_CLASS = YES_ERROR;
				CLANG_WARN_RANGE_LOOP_ANALYSIS = YES;
				CLANG_WARN_STRICT_PROTOTYPES = YES;
				CLANG_WARN_SUSPICIOUS_MOVE = YES;
				CLANG_WARN_UNGUARDED_AVAILABILITY = YES_AGGRESSIVE;
				CLANG_WARN_UNREACHABLE_CODE = YES;
				CLANG_WARN__DUPLICATE_METHOD_MATCH = YES;
				CODE_SIGN_IDENTITY = "-";
				COPY_PHASE_STRIP = NO;
				DEBUG_INFORMATION_FORMAT = dwarf;
				ENABLE_STRICT_OBJC_MSGSEND = YES;
				ENABLE_TESTABILITY = YES;
				GCC_C_LANGUAGE_STANDARD = gnu11;
				GCC_DYNAMIC_NO_PIC = NO;
				GCC_NO_COMMON_BLOCKS = YES;
				GCC_OPTIMIZATION_LEVEL = 0;
				GCC_PREPROCESSOR_DEFINITIONS = (
					"DEBUG=1",
					"$(inherited)",
				);
				GCC_WARN_64_TO_32_BIT_CONVERSION = YES;
				GCC_WARN_ABOUT_RETURN_TYPE = YES_ERROR;
				GCC_WARN_UNDECLARED_SELECTOR = YES;
				GCC_WARN_UNINITIALIZED_AUTOS = YES_AGGRESSIVE;
				GCC_WARN_UNUSED_FUNCTION = YES;
				GCC_WARN_UNUSED_VARIABLE = YES;
				MACOSX_DEPLOYMENT_TARGET = 10.13;
				MTL_ENABLE_DEBUG_INFO = YES;
				ONLY_ACTIVE_ARCH = YES;
				SDKROOT = macosx;
				SWIFT_ACTIVE_COMPILATION_CONDITIONS = DEBUG;
				SWIFT_OPTIMIZATION_LEVEL = "-Onone";
			};
			name = Debug;
		};
		D823CF25209E9B5300B43741 /* Release */ = {
			isa = XCBuildConfiguration;
			buildSettings = {
				ALWAYS_SEARCH_USER_PATHS = NO;
				CLANG_ANALYZER_NONNULL = YES;
				CLANG_ANALYZER_NUMBER_OBJECT_CONVERSION = YES_AGGRESSIVE;
				CLANG_CXX_LANGUAGE_STANDARD = "gnu++14";
				CLANG_CXX_LIBRARY = "libc++";
				CLANG_ENABLE_MODULES = YES;
				CLANG_ENABLE_OBJC_ARC = YES;
				CLANG_ENABLE_OBJC_WEAK = YES;
				CLANG_WARN_BLOCK_CAPTURE_AUTORELEASING = YES;
				CLANG_WARN_BOOL_CONVERSION = YES;
				CLANG_WARN_COMMA = YES;
				CLANG_WARN_CONSTANT_CONVERSION = YES;
				CLANG_WARN_DEPRECATED_OBJC_IMPLEMENTATIONS = YES;
				CLANG_WARN_DIRECT_OBJC_ISA_USAGE = YES_ERROR;
				CLANG_WARN_DOCUMENTATION_COMMENTS = YES;
				CLANG_WARN_EMPTY_BODY = YES;
				CLANG_WARN_ENUM_CONVERSION = YES;
				CLANG_WARN_INFINITE_RECURSION = YES;
				CLANG_WARN_INT_CONVERSION = YES;
				CLANG_WARN_NON_LITERAL_NULL_CONVERSION = YES;
				CLANG_WARN_OBJC_IMPLICIT_RETAIN_SELF = YES;
				CLANG_WARN_OBJC_LITERAL_CONVERSION = YES;
				CLANG_WARN_OBJC_ROOT_CLASS = YES_ERROR;
				CLANG_WARN_RANGE_LOOP_ANALYSIS = YES;
				CLANG_WARN_STRICT_PROTOTYPES = YES;
				CLANG_WARN_SUSPICIOUS_MOVE = YES;
				CLANG_WARN_UNGUARDED_AVAILABILITY = YES_AGGRESSIVE;
				CLANG_WARN_UNREACHABLE_CODE = YES;
				CLANG_WARN__DUPLICATE_METHOD_MATCH = YES;
				CODE_SIGN_IDENTITY = "-";
				COPY_PHASE_STRIP = NO;
				DEBUG_INFORMATION_FORMAT = "dwarf-with-dsym";
				ENABLE_NS_ASSERTIONS = NO;
				ENABLE_STRICT_OBJC_MSGSEND = YES;
				GCC_C_LANGUAGE_STANDARD = gnu11;
				GCC_NO_COMMON_BLOCKS = YES;
				GCC_WARN_64_TO_32_BIT_CONVERSION = YES;
				GCC_WARN_ABOUT_RETURN_TYPE = YES_ERROR;
				GCC_WARN_UNDECLARED_SELECTOR = YES;
				GCC_WARN_UNINITIALIZED_AUTOS = YES_AGGRESSIVE;
				GCC_WARN_UNUSED_FUNCTION = YES;
				GCC_WARN_UNUSED_VARIABLE = YES;
				MACOSX_DEPLOYMENT_TARGET = 10.13;
				MTL_ENABLE_DEBUG_INFO = NO;
				SDKROOT = macosx;
				SWIFT_COMPILATION_MODE = wholemodule;
				SWIFT_OPTIMIZATION_LEVEL = "-O";
			};
			name = Release;
		};
		D823CF27209E9B5300B43741 /* Debug */ = {
			isa = XCBuildConfiguration;
			buildSettings = {
				ASSETCATALOG_COMPILER_APPICON_NAME = AppIcon;
				CODE_SIGN_ENTITLEMENTS = "Cocoa&OpenGL/Cocoa_OpenGL.entitlements";
				CODE_SIGN_STYLE = Automatic;
				COMBINE_HIDPI_IMAGES = YES;
				INFOPLIST_FILE = "Cocoa&OpenGL/Info.plist";
				LD_RUNPATH_SEARCH_PATHS = (
					"$(inherited)",
					"@executable_path/../Frameworks",
				);
				PRODUCT_BUNDLE_IDENTIFIER = "com.alexiuce.Cocoa-OpenGL";
				PRODUCT_NAME = "$(TARGET_NAME)";
				SWIFT_VERSION = 4.0;
			};
			name = Debug;
		};
		D823CF28209E9B5300B43741 /* Release */ = {
			isa = XCBuildConfiguration;
			buildSettings = {
				ASSETCATALOG_COMPILER_APPICON_NAME = AppIcon;
				CODE_SIGN_ENTITLEMENTS = "Cocoa&OpenGL/Cocoa_OpenGL.entitlements";
				CODE_SIGN_STYLE = Automatic;
				COMBINE_HIDPI_IMAGES = YES;
				INFOPLIST_FILE = "Cocoa&OpenGL/Info.plist";
				LD_RUNPATH_SEARCH_PATHS = (
					"$(inherited)",
					"@executable_path/../Frameworks",
				);
				PRODUCT_BUNDLE_IDENTIFIER = "com.alexiuce.Cocoa-OpenGL";
				PRODUCT_NAME = "$(TARGET_NAME)";
				SWIFT_VERSION = 4.0;
			};
			name = Release;
		};
/* End XCBuildConfiguration section */

/* Begin XCConfigurationList section */
		D823CF11209E9B5200B43741 /* Build configuration list for PBXProject "Cocoa&OpenGL" */ = {
			isa = XCConfigurationList;
			buildConfigurations = (
				D823CF24209E9B5300B43741 /* Debug */,
				D823CF25209E9B5300B43741 /* Release */,
			);
			defaultConfigurationIsVisible = 0;
			defaultConfigurationName = Release;
		};
		D823CF26209E9B5300B43741 /* Build configuration list for PBXNativeTarget "Cocoa&OpenGL" */ = {
			isa = XCConfigurationList;
			buildConfigurations = (
				D823CF27209E9B5300B43741 /* Debug */,
				D823CF28209E9B5300B43741 /* Release */,
			);
			defaultConfigurationIsVisible = 0;
			defaultConfigurationName = Release;
		};
/* End XCConfigurationList section */
	};
	rootObject = D823CF0E209E9B5200B43741 /* Project object */;
}
