// !$*UTF8*$!
{
	archiveVersion = 1;
	classes = {
	};
	objectVersion = 46;
	objects = {

/* Begin PBXBuildFile section */
		D8B1471D1F45BCC900B9ED11 /* AppDelegate.swift in Sources */ = {isa = PBXBuildFile; fileRef = D8B1471C1F45BCC900B9ED11 /* AppDelegate.swift */; };
		D8B1471F1F45BCC900B9ED11 /* ViewController.swift in Sources */ = {isa = PBXBuildFile; fileRef = D8B1471E1F45BCC900B9ED11 /* ViewController.swift */; };
		D8B147211F45BCC900B9ED11 /* Assets.xcassets in Resources */ = {isa = PBXBuildFile; fileRef = D8B147201F45BCC900B9ED11 /* Assets.xcassets */; };
		D8B147241F45BCC900B9ED11 /* Main.storyboard in Resources */ = {isa = PBXBuildFile; fileRef = D8B147221F45BCC900B9ED11 /* Main.storyboard */; };
		D8B1472C1F45BDCD00B9ED11 /* MYCellView.xib in Resources */ = {isa = PBXBuildFile; fileRef = D8B1472B1F45BDCD00B9ED11 /* MYCellView.xib */; };
		D8B1472E1F45BE1100B9ED11 /* MYCellView.swift in Sources */ = {isa = PBXBuildFile; fileRef = D8B1472D1F45BE1100B9ED11 /* MYCellView.swift */; };
/* End PBXBuildFile section */

/* Begin PBXFileReference section */
		D8B147191F45BCC900B9ED11 /* NSTableViewDemo.app */ = {isa = PBXFileReference; explicitFileType = wrapper.application; includeInIndex = 0; path = NSTableViewDemo.app; sourceTree = BUILT_PRODUCTS_DIR; };
		D8B1471C1F45BCC900B9ED11 /* AppDelegate.swift */ = {isa = PBXFileReference; lastKnownFileType = sourcecode.swift; path = AppDelegate.swift; sourceTree = "<group>"; };
		D8B1471E1F45BCC900B9ED11 /* ViewController.swift */ = {isa = PBXFileReference; lastKnownFileType = sourcecode.swift; path = ViewController.swift; sourceTree = "<group>"; };
		D8B147201F45BCC900B9ED11 /* Assets.xcassets */ = {isa = PBXFileReference; lastKnownFileType = folder.assetcatalog; path = Assets.xcassets; sourceTree = "<group>"; };
		D8B147231F45BCC900B9ED11 /* Base */ = {isa = PBXFileReference; lastKnownFileType = file.storyboard; name = Base; path = Base.lproj/Main.storyboard; sourceTree = "<group>"; };
		D8B147251F45BCC900B9ED11 /* Info.plist */ = {isa = PBXFileReference; lastKnownFileType = text.plist.xml; path = Info.plist; sourceTree = "<group>"; };
		D8B1472B1F45BDCD00B9ED11 /* MYCellView.xib */ = {isa = PBXFileReference; fileEncoding = 4; lastKnownFileType = file.xib; path = MYCellView.xib; sourceTree = "<group>"; };
		D8B1472D1F45BE1100B9ED11 /* MYCellView.swift */ = {isa = PBXFileReference; fileEncoding = 4; lastKnownFileType = sourcecode.swift; path = MYCellView.swift; sourceTree = "<group>"; };
/* End PBXFileReference section */

/* Begin PBXFrameworksBuildPhase section */
		D8B147161F45BCC900B9ED11 /* Frameworks */ = {
			isa = PBXFrameworksBuildPhase;
			buildActionMask = 2147483647;
			files = (
			);
			runOnlyForDeploymentPostprocessing = 0;
		};
/* End PBXFrameworksBuildPhase section */

/* Begin PBXGroup section */
		D8B147101F45BCC900B9ED11 = {
			isa = PBXGroup;
			children = (
				D8B1471B1F45BCC900B9ED11 /* NSTableViewDemo */,
				D8B1471A1F45BCC900B9ED11 /* Products */,
			);
			sourceTree = "<group>";
		};
		D8B1471A1F45BCC900B9ED11 /* Products */ = {
			isa = PBXGroup;
			children = (
				D8B147191F45BCC900B9ED11 /* NSTableViewDemo.app */,
			);
			name = Products;
			sourceTree = "<group>";
		};
		D8B1471B1F45BCC900B9ED11 /* NSTableViewDemo */ = {
			isa = PBXGroup;
			children = (
				D8B1471C1F45BCC900B9ED11 /* AppDelegate.swift */,
				D8B1471E1F45BCC900B9ED11 /* ViewController.swift */,
				D8B1472B1F45BDCD00B9ED11 /* MYCellView.xib */,
				D8B1472D1F45BE1100B9ED11 /* MYCellView.swift */,
				D8B147201F45BCC900B9ED11 /* Assets.xcassets */,
				D8B147221F45BCC900B9ED11 /* Main.storyboard */,
				D8B147251F45BCC900B9ED11 /* Info.plist */,
			);
			path = NSTableViewDemo;
			sourceTree = "<group>";
		};
/* End PBXGroup section */

/* Begin PBXNativeTarget section */
		D8B147181F45BCC900B9ED11 /* NSTableViewDemo */ = {
			isa = PBXNativeTarget;
			buildConfigurationList = D8B147281F45BCC900B9ED11 /* Build configuration list for PBXNativeTarget "NSTableViewDemo" */;
			buildPhases = (
				D8B147151F45BCC900B9ED11 /* Sources */,
				D8B147161F45BCC900B9ED11 /* Frameworks */,
				D8B147171F45BCC900B9ED11 /* Resources */,
			);
			buildRules = (
			);
			dependencies = (
			);
			name = NSTableViewDemo;
			productName = NSTableViewDemo;
			productReference = D8B147191F45BCC900B9ED11 /* NSTableViewDemo.app */;
			productType = "com.apple.product-type.application";
		};
/* End PBXNativeTarget section */

/* Begin PBXProject section */
		D8B147111F45BCC900B9ED11 /* Project object */ = {
			isa = PBXProject;
			attributes = {
				LastSwiftUpdateCheck = 0830;
				LastUpgradeCheck = 0830;
				ORGANIZATIONNAME = Alexcai;
				TargetAttributes = {
					D8B147181F45BCC900B9ED11 = {
						CreatedOnToolsVersion = 8.3.3;
						ProvisioningStyle = Automatic;
					};
				};
			};
			buildConfigurationList = D8B147141F45BCC900B9ED11 /* Build configuration list for PBXProject "NSTableViewDemo" */;
			compatibilityVersion = "Xcode 3.2";
			developmentRegion = English;
			hasScannedForEncodings = 0;
			knownRegions = (
				en,
				Base,
			);
			mainGroup = D8B147101F45BCC900B9ED11;
			productRefGroup = D8B1471A1F45BCC900B9ED11 /* Products */;
			projectDirPath = "";
			projectRoot = "";
			targets = (
				D8B147181F45BCC900B9ED11 /* NSTableViewDemo */,
			);
		};
/* End PBXProject section */

/* Begin PBXResourcesBuildPhase section */
		D8B147171F45BCC900B9ED11 /* Resources */ = {
			isa = PBXResourcesBuildPhase;
			buildActionMask = 2147483647;
			files = (
				D8B147211F45BCC900B9ED11 /* Assets.xcassets in Resources */,
				D8B1472C1F45BDCD00B9ED11 /* MYCellView.xib in Resources */,
				D8B147241F45BCC900B9ED11 /* Main.storyboard in Resources */,
			);
			runOnlyForDeploymentPostprocessing = 0;
		};
/* End PBXResourcesBuildPhase section */

/* Begin PBXSourcesBuildPhase section */
		D8B147151F45BCC900B9ED11 /* Sources */ = {
			isa = PBXSourcesBuildPhase;
			buildActionMask = 2147483647;
			files = (
				D8B1471F1F45BCC900B9ED11 /* ViewController.swift in Sources */,
				D8B1471D1F45BCC900B9ED11 /* AppDelegate.swift in Sources */,
				D8B1472E1F45BE1100B9ED11 /* MYCellView.swift in Sources */,
			);
			runOnlyForDeploymentPostprocessing = 0;
		};
/* End PBXSourcesBuildPhase section */

/* Begin PBXVariantGroup section */
		D8B147221F45BCC900B9ED11 /* Main.storyboard */ = {
			isa = PBXVariantGroup;
			children = (
				D8B147231F45BCC900B9ED11 /* Base */,
			);
			name = Main.storyboard;
			sourceTree = "<group>";
		};
/* End PBXVariantGroup section */

/* Begin XCBuildConfiguration section */
		D8B147261F45BCC900B9ED11 /* Debug */ = {
			isa = XCBuildConfiguration;
			buildSettings = {
				ALWAYS_SEARCH_USER_PATHS = NO;
				CLANG_ANALYZER_NONNULL = YES;
				CLANG_ANALYZER_NUMBER_OBJECT_CONVERSION = YES_AGGRESSIVE;
				CLANG_CXX_LANGUAGE_STANDARD = "gnu++0x";
				CLANG_CXX_LIBRARY = "libc++";
				CLANG_ENABLE_MODULES = YES;
				CLANG_ENABLE_OBJC_ARC = YES;
				CLANG_WARN_BOOL_CONVERSION = YES;
				CLANG_WARN_CONSTANT_CONVERSION = YES;
				CLANG_WARN_DIRECT_OBJC_ISA_USAGE = YES_ERROR;
				CLANG_WARN_DOCUMENTATION_COMMENTS = YES;
				CLANG_WARN_EMPTY_BODY = YES;
				CLANG_WARN_ENUM_CONVERSION = YES;
				CLANG_WARN_INFINITE_RECURSION = YES;
				CLANG_WARN_INT_CONVERSION = YES;
				CLANG_WARN_OBJC_ROOT_CLASS = YES_ERROR;
				CLANG_WARN_SUSPICIOUS_MOVE = YES;
				CLANG_WARN_UNREACHABLE_CODE = YES;
				CLANG_WARN__DUPLICATE_METHOD_MATCH = YES;
				CODE_SIGN_IDENTITY = "-";
				COPY_PHASE_STRIP = NO;
				DEBUG_INFORMATION_FORMAT = dwarf;
				ENABLE_STRICT_OBJC_MSGSEND = YES;
				ENABLE_TESTABILITY = YES;
				GCC_C_LANGUAGE_STANDARD = gnu99;
				GCC_DYNAMIC_NO_PIC = NO;
				GCC_NO_COMMON_BLOCKS = YES;
				GCC_OPTIMIZATION_LEVEL = 0;
				GCC_PREPROCESSOR_DEFINITIONS = (
					"DEBUG=1",
					"$(inherited)",
				);
				GCC_WARN_64_TO_32_BIT_CONVERSION = YES;
				GCC_WARN_ABOUT_RETURN_TYPE = YES_ERROR;
				GCC_WARN_UNDECLARED_SELECTOR = YES;
				GCC_WARN_UNINITIALIZED_AUTOS = YES_AGGRESSIVE;
				GCC_WARN_UNUSED_FUNCTION = YES;
				GCC_WARN_UNUSED_VARIABLE = YES;
				MACOSX_DEPLOYMENT_TARGET = 10.12;
				MTL_ENABLE_DEBUG_INFO = YES;
				ONLY_ACTIVE_ARCH = YES;
				SDKROOT = macosx;
				SWIFT_ACTIVE_COMPILATION_CONDITIONS = DEBUG;
				SWIFT_OPTIMIZATION_LEVEL = "-Onone";
			};
			name = Debug;
		};
		D8B147271F45BCC900B9ED11 /* Release */ = {
			isa = XCBuildConfiguration;
			buildSettings = {
				ALWAYS_SEARCH_USER_PATHS = NO;
				CLANG_ANALYZER_NONNULL = YES;
				CLANG_ANALYZER_NUMBER_OBJECT_CONVERSION = YES_AGGRESSIVE;
				CLANG_CXX_LANGUAGE_STANDARD = "gnu++0x";
				CLANG_CXX_LIBRARY = "libc++";
				CLANG_ENABLE_MODULES = YES;
				CLANG_ENABLE_OBJC_ARC = YES;
				CLANG_WARN_BOOL_CONVERSION = YES;
				CLANG_WARN_CONSTANT_CONVERSION = YES;
				CLANG_WARN_DIRECT_OBJC_ISA_USAGE = YES_ERROR;
				CLANG_WARN_DOCUMENTATION_COMMENTS = YES;
				CLANG_WARN_EMPTY_BODY = YES;
				CLANG_WARN_ENUM_CONVERSION = YES;
				CLANG_WARN_INFINITE_RECURSION = YES;
				CLANG_WARN_INT_CONVERSION = YES;
				CLANG_WARN_OBJC_ROOT_CLASS = YES_ERROR;
				CLANG_WARN_SUSPICIOUS_MOVE = YES;
				CLANG_WARN_UNREACHABLE_CODE = YES;
				CLANG_WARN__DUPLICATE_METHOD_MATCH = YES;
				CODE_SIGN_IDENTITY = "-";
				COPY_PHASE_STRIP = NO;
				DEBUG_INFORMATION_FORMAT = "dwarf-with-dsym";
				ENABLE_NS_ASSERTIONS = NO;
				ENABLE_STRICT_OBJC_MSGSEND = YES;
				GCC_C_LANGUAGE_STANDARD = gnu99;
				GCC_NO_COMMON_BLOCKS = YES;
				GCC_WARN_64_TO_32_BIT_CONVERSION = YES;
				GCC_WARN_ABOUT_RETURN_TYPE = YES_ERROR;
				GCC_WARN_UNDECLARED_SELECTOR = YES;
				GCC_WARN_UNINITIALIZED_AUTOS = YES_AGGRESSIVE;
				GCC_WARN_UNUSED_FUNCTION = YES;
				GCC_WARN_UNUSED_VARIABLE = YES;
				MACOSX_DEPLOYMENT_TARGET = 10.12;
				MTL_ENABLE_DEBUG_INFO = NO;
				SDKROOT = macosx;
				SWIFT_OPTIMIZATION_LEVEL = "-Owholemodule";
			};
			name = Release;
		};
		D8B147291F45BCC900B9ED11 /* Debug */ = {
			isa = XCBuildConfiguration;
			buildSettings = {
				ASSETCATALOG_COMPILER_APPICON_NAME = AppIcon;
				COMBINE_HIDPI_IMAGES = YES;
				INFOPLIST_FILE = NSTableViewDemo/Info.plist;
				LD_RUNPATH_SEARCH_PATHS = "$(inherited) @executable_path/../Frameworks";
				PRODUCT_BUNDLE_IDENTIFIER = com.alexiuce.NSTableViewDemo;
				PRODUCT_NAME = "$(TARGET_NAME)";
				SWIFT_VERSION = 3.0;
			};
			name = Debug;
		};
		D8B1472A1F45BCC900B9ED11 /* Release */ = {
			isa = XCBuildConfiguration;
			buildSettings = {
				ASSETCATALOG_COMPILER_APPICON_NAME = AppIcon;
				COMBINE_HIDPI_IMAGES = YES;
				INFOPLIST_FILE = NSTableViewDemo/Info.plist;
				LD_RUNPATH_SEARCH_PATHS = "$(inherited) @executable_path/../Frameworks";
				PRODUCT_BUNDLE_IDENTIFIER = com.alexiuce.NSTableViewDemo;
				PRODUCT_NAME = "$(TARGET_NAME)";
				SWIFT_VERSION = 3.0;
			};
			name = Release;
		};
/* End XCBuildConfiguration section */

/* Begin XCConfigurationList section */
		D8B147141F45BCC900B9ED11 /* Build configuration list for PBXProject "NSTableViewDemo" */ = {
			isa = XCConfigurationList;
			buildConfigurations = (
				D8B147261F45BCC900B9ED11 /* Debug */,
				D8B147271F45BCC900B9ED11 /* Release */,
			);
			defaultConfigurationIsVisible = 0;
			defaultConfigurationName = Release;
		};
		D8B147281F45BCC900B9ED11 /* Build configuration list for PBXNativeTarget "NSTableViewDemo" */ = {
			isa = XCConfigurationList;
			buildConfigurations = (
				D8B147291F45BCC900B9ED11 /* Debug */,
				D8B1472A1F45BCC900B9ED11 /* Release */,
			);
			defaultConfigurationIsVisible = 0;
		};
/* End XCConfigurationList section */
	};
	rootObject = D8B147111F45BCC900B9ED11 /* Project object */;
}
