// !$*UTF8*$!
{
	archiveVersion = 1;
	classes = {
	};
	objectVersion = 46;
	objects = {

/* Begin PBXBuildFile section */
		D811D8AF1F3EC4050084F04D /* AppDelegate.swift in Sources */ = {isa = PBXBuildFile; fileRef = D811D8AE1F3EC4050084F04D /* AppDelegate.swift */; };
		D811D8B11F3EC4050084F04D /* ViewController.swift in Sources */ = {isa = PBXBuildFile; fileRef = D811D8B01F3EC4050084F04D /* ViewController.swift */; };
		D811D8B31F3EC4050084F04D /* Assets.xcassets in Resources */ = {isa = PBXBuildFile; fileRef = D811D8B21F3EC4050084F04D /* Assets.xcassets */; };
		D811D8B61F3EC4050084F04D /* Main.storyboard in Resources */ = {isa = PBXBuildFile; fileRef = D811D8B41F3EC4050084F04D /* Main.storyboard */; };
		D811D8BF1F3EC9100084F04D /* One.storyboard in Resources */ = {isa = PBXBuildFile; fileRef = D811D8BD1F3EC9100084F04D /* One.storyboard */; };
		D811D8C11F3EC92A0084F04D /* Two.storyboard in Resources */ = {isa = PBXBuildFile; fileRef = D811D8C01F3EC92A0084F04D /* Two.storyboard */; };
		D811D8C41F3EC93A0084F04D /* Third.storyboard in Resources */ = {isa = PBXBuildFile; fileRef = D811D8C21F3EC93A0084F04D /* Third.storyboard */; };
		D811D8C61F3ECA840084F04D /* NewStoryboard.storyboard in Resources */ = {isa = PBXBuildFile; fileRef = D811D8C51F3ECA840084F04D /* NewStoryboard.storyboard */; };
/* End PBXBuildFile section */

/* Begin PBXFileReference section */
		D811D8AB1F3EC4050084F04D /* StoryboadDemo.app */ = {isa = PBXFileReference; explicitFileType = wrapper.application; includeInIndex = 0; path = StoryboadDemo.app; sourceTree = BUILT_PRODUCTS_DIR; };
		D811D8AE1F3EC4050084F04D /* AppDelegate.swift */ = {isa = PBXFileReference; lastKnownFileType = sourcecode.swift; path = AppDelegate.swift; sourceTree = "<group>"; };
		D811D8B01F3EC4050084F04D /* ViewController.swift */ = {isa = PBXFileReference; lastKnownFileType = sourcecode.swift; path = ViewController.swift; sourceTree = "<group>"; };
		D811D8B21F3EC4050084F04D /* Assets.xcassets */ = {isa = PBXFileReference; lastKnownFileType = folder.assetcatalog; path = Assets.xcassets; sourceTree = "<group>"; };
		D811D8B51F3EC4050084F04D /* Base */ = {isa = PBXFileReference; lastKnownFileType = file.storyboard; name = Base; path = Base.lproj/Main.storyboard; sourceTree = "<group>"; };
		D811D8B71F3EC4050084F04D /* Info.plist */ = {isa = PBXFileReference; lastKnownFileType = text.plist.xml; path = Info.plist; sourceTree = "<group>"; };
		D811D8BE1F3EC9100084F04D /* Base */ = {isa = PBXFileReference; lastKnownFileType = file.storyboard; name = Base; path = Base.lproj/One.storyboard; sourceTree = "<group>"; };
		D811D8C01F3EC92A0084F04D /* Two.storyboard */ = {isa = PBXFileReference; fileEncoding = 4; lastKnownFileType = file.storyboard; path = Two.storyboard; sourceTree = "<group>"; };
		D811D8C31F3EC93A0084F04D /* Base */ = {isa = PBXFileReference; lastKnownFileType = file.storyboard; name = Base; path = Base.lproj/Third.storyboard; sourceTree = "<group>"; };
		D811D8C51F3ECA840084F04D /* NewStoryboard.storyboard */ = {isa = PBXFileReference; fileEncoding = 4; lastKnownFileType = file.storyboard; path = NewStoryboard.storyboard; sourceTree = "<group>"; };
/* End PBXFileReference section */

/* Begin PBXFrameworksBuildPhase section */
		D811D8A81F3EC4050084F04D /* Frameworks */ = {
			isa = PBXFrameworksBuildPhase;
			buildActionMask = 2147483647;
			files = (
			);
			runOnlyForDeploymentPostprocessing = 0;
		};
/* End PBXFrameworksBuildPhase section */

/* Begin PBXGroup section */
		D811D8A21F3EC4050084F04D = {
			isa = PBXGroup;
			children = (
				D811D8AD1F3EC4050084F04D /* StoryboadDemo */,
				D811D8AC1F3EC4050084F04D /* Products */,
			);
			sourceTree = "<group>";
		};
		D811D8AC1F3EC4050084F04D /* Products */ = {
			isa = PBXGroup;
			children = (
				D811D8AB1F3EC4050084F04D /* StoryboadDemo.app */,
			);
			name = Products;
			sourceTree = "<group>";
		};
		D811D8AD1F3EC4050084F04D /* StoryboadDemo */ = {
			isa = PBXGroup;
			children = (
				D811D8AE1F3EC4050084F04D /* AppDelegate.swift */,
				D811D8B01F3EC4050084F04D /* ViewController.swift */,
				D811D8B21F3EC4050084F04D /* Assets.xcassets */,
				D811D8C21F3EC93A0084F04D /* Third.storyboard */,
				D811D8B41F3EC4050084F04D /* Main.storyboard */,
				D811D8C01F3EC92A0084F04D /* Two.storyboard */,
				D811D8C51F3ECA840084F04D /* NewStoryboard.storyboard */,
				D811D8BD1F3EC9100084F04D /* One.storyboard */,
				D811D8B71F3EC4050084F04D /* Info.plist */,
			);
			path = StoryboadDemo;
			sourceTree = "<group>";
		};
/* End PBXGroup section */

/* Begin PBXNativeTarget section */
		D811D8AA1F3EC4050084F04D /* StoryboadDemo */ = {
			isa = PBXNativeTarget;
			buildConfigurationList = D811D8BA1F3EC4050084F04D /* Build configuration list for PBXNativeTarget "StoryboadDemo" */;
			buildPhases = (
				D811D8A71F3EC4050084F04D /* Sources */,
				D811D8A81F3EC4050084F04D /* Frameworks */,
				D811D8A91F3EC4050084F04D /* Resources */,
			);
			buildRules = (
			);
			dependencies = (
			);
			name = StoryboadDemo;
			productName = StoryboadDemo;
			productReference = D811D8AB1F3EC4050084F04D /* StoryboadDemo.app */;
			productType = "com.apple.product-type.application";
		};
/* End PBXNativeTarget section */

/* Begin PBXProject section */
		D811D8A31F3EC4050084F04D /* Project object */ = {
			isa = PBXProject;
			attributes = {
				LastSwiftUpdateCheck = 0830;
				LastUpgradeCheck = 0830;
				ORGANIZATIONNAME = Alexcai;
				TargetAttributes = {
					D811D8AA1F3EC4050084F04D = {
						CreatedOnToolsVersion = 8.3.3;
						ProvisioningStyle = Automatic;
					};
				};
			};
			buildConfigurationList = D811D8A61F3EC4050084F04D /* Build configuration list for PBXProject "StoryboadDemo" */;
			compatibilityVersion = "Xcode 3.2";
			developmentRegion = English;
			hasScannedForEncodings = 0;
			knownRegions = (
				en,
				Base,
			);
			mainGroup = D811D8A21F3EC4050084F04D;
			productRefGroup = D811D8AC1F3EC4050084F04D /* Products */;
			projectDirPath = "";
			projectRoot = "";
			targets = (
				D811D8AA1F3EC4050084F04D /* StoryboadDemo */,
			);
		};
/* End PBXProject section */

/* Begin PBXResourcesBuildPhase section */
		D811D8A91F3EC4050084F04D /* Resources */ = {
			isa = PBXResourcesBuildPhase;
			buildActionMask = 2147483647;
			files = (
				D811D8BF1F3EC9100084F04D /* One.storyboard in Resources */,
				D811D8B31F3EC4050084F04D /* Assets.xcassets in Resources */,
				D811D8B61F3EC4050084F04D /* Main.storyboard in Resources */,
				D811D8C11F3EC92A0084F04D /* Two.storyboard in Resources */,
				D811D8C61F3ECA840084F04D /* NewStoryboard.storyboard in Resources */,
				D811D8C41F3EC93A0084F04D /* Third.storyboard in Resources */,
			);
			runOnlyForDeploymentPostprocessing = 0;
		};
/* End PBXResourcesBuildPhase section */

/* Begin PBXSourcesBuildPhase section */
		D811D8A71F3EC4050084F04D /* Sources */ = {
			isa = PBXSourcesBuildPhase;
			buildActionMask = 2147483647;
			files = (
				D811D8B11F3EC4050084F04D /* ViewController.swift in Sources */,
				D811D8AF1F3EC4050084F04D /* AppDelegate.swift in Sources */,
			);
			runOnlyForDeploymentPostprocessing = 0;
		};
/* End PBXSourcesBuildPhase section */

/* Begin PBXVariantGroup section */
		D811D8B41F3EC4050084F04D /* Main.storyboard */ = {
			isa = PBXVariantGroup;
			children = (
				D811D8B51F3EC4050084F04D /* Base */,
			);
			name = Main.storyboard;
			sourceTree = "<group>";
		};
		D811D8BD1F3EC9100084F04D /* One.storyboard */ = {
			isa = PBXVariantGroup;
			children = (
				D811D8BE1F3EC9100084F04D /* Base */,
			);
			name = One.storyboard;
			sourceTree = "<group>";
		};
		D811D8C21F3EC93A0084F04D /* Third.storyboard */ = {
			isa = PBXVariantGroup;
			children = (
				D811D8C31F3EC93A0084F04D /* Base */,
			);
			name = Third.storyboard;
			sourceTree = "<group>";
		};
/* End PBXVariantGroup section */

/* Begin XCBuildConfiguration section */
		D811D8B81F3EC4050084F04D /* Debug */ = {
			isa = XCBuildConfiguration;
			buildSettings = {
				ALWAYS_SEARCH_USER_PATHS = NO;
				CLANG_ANALYZER_NONNULL = YES;
				CLANG_ANALYZER_NUMBER_OBJECT_CONVERSION = YES_AGGRESSIVE;
				CLANG_CXX_LANGUAGE_STANDARD = "gnu++0x";
				CLANG_CXX_LIBRARY = "libc++";
				CLANG_ENABLE_MODULES = YES;
				CLANG_ENABLE_OBJC_ARC = YES;
				CLANG_WARN_BOOL_CONVERSION = YES;
				CLANG_WARN_CONSTANT_CONVERSION = YES;
				CLANG_WARN_DIRECT_OBJC_ISA_USAGE = YES_ERROR;
				CLANG_WARN_DOCUMENTATION_COMMENTS = YES;
				CLANG_WARN_EMPTY_BODY = YES;
				CLANG_WARN_ENUM_CONVERSION = YES;
				CLANG_WARN_INFINITE_RECURSION = YES;
				CLANG_WARN_INT_CONVERSION = YES;
				CLANG_WARN_OBJC_ROOT_CLASS = YES_ERROR;
				CLANG_WARN_SUSPICIOUS_MOVE = YES;
				CLANG_WARN_UNREACHABLE_CODE = YES;
				CLANG_WARN__DUPLICATE_METHOD_MATCH = YES;
				CODE_SIGN_IDENTITY = "-";
				COPY_PHASE_STRIP = NO;
				DEBUG_INFORMATION_FORMAT = dwarf;
				ENABLE_STRICT_OBJC_MSGSEND = YES;
				ENABLE_TESTABILITY = YES;
				GCC_C_LANGUAGE_STANDARD = gnu99;
				GCC_DYNAMIC_NO_PIC = NO;
				GCC_NO_COMMON_BLOCKS = YES;
				GCC_OPTIMIZATION_LEVEL = 0;
				GCC_PREPROCESSOR_DEFINITIONS = (
					"DEBUG=1",
					"$(inherited)",
				);
				GCC_WARN_64_TO_32_BIT_CONVERSION = YES;
				GCC_WARN_ABOUT_RETURN_TYPE = YES_ERROR;
				GCC_WARN_UNDECLARED_SELECTOR = YES;
				GCC_WARN_UNINITIALIZED_AUTOS = YES_AGGRESSIVE;
				GCC_WARN_UNUSED_FUNCTION = YES;
				GCC_WARN_UNUSED_VARIABLE = YES;
				MACOSX_DEPLOYMENT_TARGET = 10.12;
				MTL_ENABLE_DEBUG_INFO = YES;
				ONLY_ACTIVE_ARCH = YES;
				SDKROOT = macosx;
				SWIFT_ACTIVE_COMPILATION_CONDITIONS = DEBUG;
				SWIFT_OPTIMIZATION_LEVEL = "-Onone";
			};
			name = Debug;
		};
		D811D8B91F3EC4050084F04D /* Release */ = {
			isa = XCBuildConfiguration;
			buildSettings = {
				ALWAYS_SEARCH_USER_PATHS = NO;
				CLANG_ANALYZER_NONNULL = YES;
				CLANG_ANALYZER_NUMBER_OBJECT_CONVERSION = YES_AGGRESSIVE;
				CLANG_CXX_LANGUAGE_STANDARD = "gnu++0x";
				CLANG_CXX_LIBRARY = "libc++";
				CLANG_ENABLE_MODULES = YES;
				CLANG_ENABLE_OBJC_ARC = YES;
				CLANG_WARN_BOOL_CONVERSION = YES;
				CLANG_WARN_CONSTANT_CONVERSION = YES;
				CLANG_WARN_DIRECT_OBJC_ISA_USAGE = YES_ERROR;
				CLANG_WARN_DOCUMENTATION_COMMENTS = YES;
				CLANG_WARN_EMPTY_BODY = YES;
				CLANG_WARN_ENUM_CONVERSION = YES;
				CLANG_WARN_INFINITE_RECURSION = YES;
				CLANG_WARN_INT_CONVERSION = YES;
				CLANG_WARN_OBJC_ROOT_CLASS = YES_ERROR;
				CLANG_WARN_SUSPICIOUS_MOVE = YES;
				CLANG_WARN_UNREACHABLE_CODE = YES;
				CLANG_WARN__DUPLICATE_METHOD_MATCH = YES;
				CODE_SIGN_IDENTITY = "-";
				COPY_PHASE_STRIP = NO;
				DEBUG_INFORMATION_FORMAT = "dwarf-with-dsym";
				ENABLE_NS_ASSERTIONS = NO;
				ENABLE_STRICT_OBJC_MSGSEND = YES;
				GCC_C_LANGUAGE_STANDARD = gnu99;
				GCC_NO_COMMON_BLOCKS = YES;
				GCC_WARN_64_TO_32_BIT_CONVERSION = YES;
				GCC_WARN_ABOUT_RETURN_TYPE = YES_ERROR;
				GCC_WARN_UNDECLARED_SELECTOR = YES;
				GCC_WARN_UNINITIALIZED_AUTOS = YES_AGGRESSIVE;
				GCC_WARN_UNUSED_FUNCTION = YES;
				GCC_WARN_UNUSED_VARIABLE = YES;
				MACOSX_DEPLOYMENT_TARGET = 10.12;
				MTL_ENABLE_DEBUG_INFO = NO;
				SDKROOT = macosx;
				SWIFT_OPTIMIZATION_LEVEL = "-Owholemodule";
			};
			name = Release;
		};
		D811D8BB1F3EC4050084F04D /* Debug */ = {
			isa = XCBuildConfiguration;
			buildSettings = {
				ASSETCATALOG_COMPILER_APPICON_NAME = AppIcon;
				COMBINE_HIDPI_IMAGES = YES;
				INFOPLIST_FILE = StoryboadDemo/Info.plist;
				LD_RUNPATH_SEARCH_PATHS = "$(inherited) @executable_path/../Frameworks";
				PRODUCT_BUNDLE_IDENTIFIER = com.alexiuce.StoryboadDemo;
				PRODUCT_NAME = "$(TARGET_NAME)";
				SWIFT_VERSION = 3.0;
			};
			name = Debug;
		};
		D811D8BC1F3EC4050084F04D /* Release */ = {
			isa = XCBuildConfiguration;
			buildSettings = {
				ASSETCATALOG_COMPILER_APPICON_NAME = AppIcon;
				COMBINE_HIDPI_IMAGES = YES;
				INFOPLIST_FILE = StoryboadDemo/Info.plist;
				LD_RUNPATH_SEARCH_PATHS = "$(inherited) @executable_path/../Frameworks";
				PRODUCT_BUNDLE_IDENTIFIER = com.alexiuce.StoryboadDemo;
				PRODUCT_NAME = "$(TARGET_NAME)";
				SWIFT_VERSION = 3.0;
			};
			name = Release;
		};
/* End XCBuildConfiguration section */

/* Begin XCConfigurationList section */
		D811D8A61F3EC4050084F04D /* Build configuration list for PBXProject "StoryboadDemo" */ = {
			isa = XCConfigurationList;
			buildConfigurations = (
				D811D8B81F3EC4050084F04D /* Debug */,
				D811D8B91F3EC4050084F04D /* Release */,
			);
			defaultConfigurationIsVisible = 0;
			defaultConfigurationName = Release;
		};
		D811D8BA1F3EC4050084F04D /* Build configuration list for PBXNativeTarget "StoryboadDemo" */ = {
			isa = XCConfigurationList;
			buildConfigurations = (
				D811D8BB1F3EC4050084F04D /* Debug */,
				D811D8BC1F3EC4050084F04D /* Release */,
			);
			defaultConfigurationIsVisible = 0;
			defaultConfigurationName = Release;
		};
/* End XCConfigurationList section */
	};
	rootObject = D811D8A31F3EC4050084F04D /* Project object */;
}
