// !$*UTF8*$!
{
	archiveVersion = 1;
	classes = {
	};
	objectVersion = 50;
	objects = {

/* Begin PBXBuildFile section */
		D837FCD3219FD9AF00FB7A96 /* AppDelegate.swift in Sources */ = {isa = PBXBuildFile; fileRef = D837FCD2219FD9AF00FB7A96 /* AppDelegate.swift */; };
		D837FCD5219FD9AF00FB7A96 /* ViewController.swift in Sources */ = {isa = PBXBuildFile; fileRef = D837FCD4219FD9AF00FB7A96 /* ViewController.swift */; };
		D837FCD7219FD9B000FB7A96 /* Assets.xcassets in Resources */ = {isa = PBXBuildFile; fileRef = D837FCD6219FD9B000FB7A96 /* Assets.xcassets */; };
		D837FCDA219FD9B000FB7A96 /* Main.storyboard in Resources */ = {isa = PBXBuildFile; fileRef = D837FCD8219FD9B000FB7A96 /* Main.storyboard */; };
		D83840C521A1357800AC7255 /* XCMyCustomView.swift in Sources */ = {isa = PBXBuildFile; fileRef = D83840C421A1357800AC7255 /* XCMyCustomView.swift */; };
/* End PBXBuildFile section */

/* Begin PBXFileReference section */
		D837FCCF219FD9AF00FB7A96 /* DarkModeAdapter.app */ = {isa = PBXFileReference; explicitFileType = wrapper.application; includeInIndex = 0; path = DarkModeAdapter.app; sourceTree = BUILT_PRODUCTS_DIR; };
		D837FCD2219FD9AF00FB7A96 /* AppDelegate.swift */ = {isa = PBXFileReference; lastKnownFileType = sourcecode.swift; path = AppDelegate.swift; sourceTree = "<group>"; };
		D837FCD4219FD9AF00FB7A96 /* ViewController.swift */ = {isa = PBXFileReference; lastKnownFileType = sourcecode.swift; path = ViewController.swift; sourceTree = "<group>"; };
		D837FCD6219FD9B000FB7A96 /* Assets.xcassets */ = {isa = PBXFileReference; lastKnownFileType = folder.assetcatalog; path = Assets.xcassets; sourceTree = "<group>"; };
		D837FCD9219FD9B000FB7A96 /* Base */ = {isa = PBXFileReference; lastKnownFileType = file.storyboard; name = Base; path = Base.lproj/Main.storyboard; sourceTree = "<group>"; };
		D837FCDB219FD9B000FB7A96 /* Info.plist */ = {isa = PBXFileReference; lastKnownFileType = text.plist.xml; path = Info.plist; sourceTree = "<group>"; };
		D837FCDC219FD9B000FB7A96 /* DarkModeAdapter.entitlements */ = {isa = PBXFileReference; lastKnownFileType = text.plist.entitlements; path = DarkModeAdapter.entitlements; sourceTree = "<group>"; };
		D83840C421A1357800AC7255 /* XCMyCustomView.swift */ = {isa = PBXFileReference; lastKnownFileType = sourcecode.swift; path = XCMyCustomView.swift; sourceTree = "<group>"; };
/* End PBXFileReference section */

/* Begin PBXFrameworksBuildPhase section */
		D837FCCC219FD9AF00FB7A96 /* Frameworks */ = {
			isa = PBXFrameworksBuildPhase;
			buildActionMask = 2147483647;
			files = (
			);
			runOnlyForDeploymentPostprocessing = 0;
		};
/* End PBXFrameworksBuildPhase section */

/* Begin PBXGroup section */
		D837FCC6219FD9AF00FB7A96 = {
			isa = PBXGroup;
			children = (
				D837FCD1219FD9AF00FB7A96 /* DarkModeAdapter */,
				D837FCD0219FD9AF00FB7A96 /* Products */,
			);
			sourceTree = "<group>";
		};
		D837FCD0219FD9AF00FB7A96 /* Products */ = {
			isa = PBXGroup;
			children = (
				D837FCCF219FD9AF00FB7A96 /* DarkModeAdapter.app */,
			);
			name = Products;
			sourceTree = "<group>";
		};
		D837FCD1219FD9AF00FB7A96 /* DarkModeAdapter */ = {
			isa = PBXGroup;
			children = (
				D837FCD2219FD9AF00FB7A96 /* AppDelegate.swift */,
				D837FCD4219FD9AF00FB7A96 /* ViewController.swift */,
				D83840C421A1357800AC7255 /* XCMyCustomView.swift */,
				D837FCD6219FD9B000FB7A96 /* Assets.xcassets */,
				D837FCD8219FD9B000FB7A96 /* Main.storyboard */,
				D837FCDB219FD9B000FB7A96 /* Info.plist */,
				D837FCDC219FD9B000FB7A96 /* DarkModeAdapter.entitlements */,
			);
			path = DarkModeAdapter;
			sourceTree = "<group>";
		};
/* End PBXGroup section */

/* Begin PBXNativeTarget section */
		D837FCCE219FD9AF00FB7A96 /* DarkModeAdapter */ = {
			isa = PBXNativeTarget;
			buildConfigurationList = D837FCDF219FD9B000FB7A96 /* Build configuration list for PBXNativeTarget "DarkModeAdapter" */;
			buildPhases = (
				D837FCCB219FD9AF00FB7A96 /* Sources */,
				D837FCCC219FD9AF00FB7A96 /* Frameworks */,
				D837FCCD219FD9AF00FB7A96 /* Resources */,
			);
			buildRules = (
			);
			dependencies = (
			);
			name = DarkModeAdapter;
			productName = DarkModeAdapter;
			productReference = D837FCCF219FD9AF00FB7A96 /* DarkModeAdapter.app */;
			productType = "com.apple.product-type.application";
		};
/* End PBXNativeTarget section */

/* Begin PBXProject section */
		D837FCC7219FD9AF00FB7A96 /* Project object */ = {
			isa = PBXProject;
			attributes = {
				LastSwiftUpdateCheck = 1010;
				LastUpgradeCheck = 1010;
				ORGANIZATIONNAME = dongjiu;
				TargetAttributes = {
					D837FCCE219FD9AF00FB7A96 = {
						CreatedOnToolsVersion = 10.1;
					};
				};
			};
			buildConfigurationList = D837FCCA219FD9AF00FB7A96 /* Build configuration list for PBXProject "DarkModeAdapter" */;
			compatibilityVersion = "Xcode 9.3";
			developmentRegion = en;
			hasScannedForEncodings = 0;
			knownRegions = (
				en,
				Base,
			);
			mainGroup = D837FCC6219FD9AF00FB7A96;
			productRefGroup = D837FCD0219FD9AF00FB7A96 /* Products */;
			projectDirPath = "";
			projectRoot = "";
			targets = (
				D837FCCE219FD9AF00FB7A96 /* DarkModeAdapter */,
			);
		};
/* End PBXProject section */

/* Begin PBXResourcesBuildPhase section */
		D837FCCD219FD9AF00FB7A96 /* Resources */ = {
			isa = PBXResourcesBuildPhase;
			buildActionMask = 2147483647;
			files = (
				D837FCD7219FD9B000FB7A96 /* Assets.xcassets in Resources */,
				D837FCDA219FD9B000FB7A96 /* Main.storyboard in Resources */,
			);
			runOnlyForDeploymentPostprocessing = 0;
		};
/* End PBXResourcesBuildPhase section */

/* Begin PBXSourcesBuildPhase section */
		D837FCCB219FD9AF00FB7A96 /* Sources */ = {
			isa = PBXSourcesBuildPhase;
			buildActionMask = 2147483647;
			files = (
				D83840C521A1357800AC7255 /* XCMyCustomView.swift in Sources */,
				D837FCD5219FD9AF00FB7A96 /* ViewController.swift in Sources */,
				D837FCD3219FD9AF00FB7A96 /* AppDelegate.swift in Sources */,
			);
			runOnlyForDeploymentPostprocessing = 0;
		};
/* End PBXSourcesBuildPhase section */

/* Begin PBXVariantGroup section */
		D837FCD8219FD9B000FB7A96 /* Main.storyboard */ = {
			isa = PBXVariantGroup;
			children = (
				D837FCD9219FD9B000FB7A96 /* Base */,
			);
			name = Main.storyboard;
			sourceTree = "<group>";
		};
/* End PBXVariantGroup section */

/* Begin XCBuildConfiguration section */
		D837FCDD219FD9B000FB7A96 /* Debug */ = {
			isa = XCBuildConfiguration;
			buildSettings = {
				ALWAYS_SEARCH_USER_PATHS = NO;
				CLANG_ANALYZER_NONNULL = YES;
				CLANG_ANALYZER_NUMBER_OBJECT_CONVERSION = YES_AGGRESSIVE;
				CLANG_CXX_LANGUAGE_STANDARD = "gnu++14";
				CLANG_CXX_LIBRARY = "libc++";
				CLANG_ENABLE_MODULES = YES;
				CLANG_ENABLE_OBJC_ARC = YES;
				CLANG_ENABLE_OBJC_WEAK = YES;
				CLANG_WARN_BLOCK_CAPTURE_AUTORELEASING = YES;
				CLANG_WARN_BOOL_CONVERSION = YES;
				CLANG_WARN_COMMA = YES;
				CLANG_WARN_CONSTANT_CONVERSION = YES;
				CLANG_WARN_DEPRECATED_OBJC_IMPLEMENTATIONS = YES;
				CLANG_WARN_DIRECT_OBJC_ISA_USAGE = YES_ERROR;
				CLANG_WARN_DOCUMENTATION_COMMENTS = YES;
				CLANG_WARN_EMPTY_BODY = YES;
				CLANG_WARN_ENUM_CONVERSION = YES;
				CLANG_WARN_INFINITE_RECURSION = YES;
				CLANG_WARN_INT_CONVERSION = YES;
				CLANG_WARN_NON_LITERAL_NULL_CONVERSION = YES;
				CLANG_WARN_OBJC_IMPLICIT_RETAIN_SELF = YES;
				CLANG_WARN_OBJC_LITERAL_CONVERSION = YES;
				CLANG_WARN_OBJC_ROOT_CLASS = YES_ERROR;
				CLANG_WARN_RANGE_LOOP_ANALYSIS = YES;
				CLANG_WARN_STRICT_PROTOTYPES = YES;
				CLANG_WARN_SUSPICIOUS_MOVE = YES;
				CLANG_WARN_UNGUARDED_AVAILABILITY = YES_AGGRESSIVE;
				CLANG_WARN_UNREACHABLE_CODE = YES;
				CLANG_WARN__DUPLICATE_METHOD_MATCH = YES;
				CODE_SIGN_IDENTITY = "Mac Developer";
				COPY_PHASE_STRIP = NO;
				DEBUG_INFORMATION_FORMAT = dwarf;
				ENABLE_STRICT_OBJC_MSGSEND = YES;
				ENABLE_TESTABILITY = YES;
				GCC_C_LANGUAGE_STANDARD = gnu11;
				GCC_DYNAMIC_NO_PIC = NO;
				GCC_NO_COMMON_BLOCKS = YES;
				GCC_OPTIMIZATION_LEVEL = 0;
				GCC_PREPROCESSOR_DEFINITIONS = (
					"DEBUG=1",
					"$(inherited)",
				);
				GCC_WARN_64_TO_32_BIT_CONVERSION = YES;
				GCC_WARN_ABOUT_RETURN_TYPE = YES_ERROR;
				GCC_WARN_UNDECLARED_SELECTOR = YES;
				GCC_WARN_UNINITIALIZED_AUTOS = YES_AGGRESSIVE;
				GCC_WARN_UNUSED_FUNCTION = YES;
				GCC_WARN_UNUSED_VARIABLE = YES;
				MACOSX_DEPLOYMENT_TARGET = 10.14;
				MTL_ENABLE_DEBUG_INFO = INCLUDE_SOURCE;
				MTL_FAST_MATH = YES;
				ONLY_ACTIVE_ARCH = YES;
				SDKROOT = macosx;
				SWIFT_ACTIVE_COMPILATION_CONDITIONS = DEBUG;
				SWIFT_OPTIMIZATION_LEVEL = "-Onone";
			};
			name = Debug;
		};
		D837FCDE219FD9B000FB7A96 /* Release */ = {
			isa = XCBuildConfiguration;
			buildSettings = {
				ALWAYS_SEARCH_USER_PATHS = NO;
				CLANG_ANALYZER_NONNULL = YES;
				CLANG_ANALYZER_NUMBER_OBJECT_CONVERSION = YES_AGGRESSIVE;
				CLANG_CXX_LANGUAGE_STANDARD = "gnu++14";
				CLANG_CXX_LIBRARY = "libc++";
				CLANG_ENABLE_MODULES = YES;
				CLANG_ENABLE_OBJC_ARC = YES;
				CLANG_ENABLE_OBJC_WEAK = YES;
				CLANG_WARN_BLOCK_CAPTURE_AUTORELEASING = YES;
				CLANG_WARN_BOOL_CONVERSION = YES;
				CLANG_WARN_COMMA = YES;
				CLANG_WARN_CONSTANT_CONVERSION = YES;
				CLANG_WARN_DEPRECATED_OBJC_IMPLEMENTATIONS = YES;
				CLANG_WARN_DIRECT_OBJC_ISA_USAGE = YES_ERROR;
				CLANG_WARN_DOCUMENTATION_COMMENTS = YES;
				CLANG_WARN_EMPTY_BODY = YES;
				CLANG_WARN_ENUM_CONVERSION = YES;
				CLANG_WARN_INFINITE_RECURSION = YES;
				CLANG_WARN_INT_CONVERSION = YES;
				CLANG_WARN_NON_LITERAL_NULL_CONVERSION = YES;
				CLANG_WARN_OBJC_IMPLICIT_RETAIN_SELF = YES;
				CLANG_WARN_OBJC_LITERAL_CONVERSION = YES;
				CLANG_WARN_OBJC_ROOT_CLASS = YES_ERROR;
				CLANG_WARN_RANGE_LOOP_ANALYSIS = YES;
				CLANG_WARN_STRICT_PROTOTYPES = YES;
				CLANG_WARN_SUSPICIOUS_MOVE = YES;
				CLANG_WARN_UNGUARDED_AVAILABILITY = YES_AGGRESSIVE;
				CLANG_WARN_UNREACHABLE_CODE = YES;
				CLANG_WARN__DUPLICATE_METHOD_MATCH = YES;
				CODE_SIGN_IDENTITY = "Mac Developer";
				COPY_PHASE_STRIP = NO;
				DEBUG_INFORMATION_FORMAT = "dwarf-with-dsym";
				ENABLE_NS_ASSERTIONS = NO;
				ENABLE_STRICT_OBJC_MSGSEND = YES;
				GCC_C_LANGUAGE_STANDARD = gnu11;
				GCC_NO_COMMON_BLOCKS = YES;
				GCC_WARN_64_TO_32_BIT_CONVERSION = YES;
				GCC_WARN_ABOUT_RETURN_TYPE = YES_ERROR;
				GCC_WARN_UNDECLARED_SELECTOR = YES;
				GCC_WARN_UNINITIALIZED_AUTOS = YES_AGGRESSIVE;
				GCC_WARN_UNUSED_FUNCTION = YES;
				GCC_WARN_UNUSED_VARIABLE = YES;
				MACOSX_DEPLOYMENT_TARGET = 10.14;
				MTL_ENABLE_DEBUG_INFO = NO;
				MTL_FAST_MATH = YES;
				SDKROOT = macosx;
				SWIFT_COMPILATION_MODE = wholemodule;
				SWIFT_OPTIMIZATION_LEVEL = "-O";
			};
			name = Release;
		};
		D837FCE0219FD9B000FB7A96 /* Debug */ = {
			isa = XCBuildConfiguration;
			buildSettings = {
				ASSETCATALOG_COMPILER_APPICON_NAME = AppIcon;
				CODE_SIGN_ENTITLEMENTS = DarkModeAdapter/DarkModeAdapter.entitlements;
				CODE_SIGN_STYLE = Automatic;
				COMBINE_HIDPI_IMAGES = YES;
				DEVELOPMENT_TEAM = AAV8FD48R9;
				INFOPLIST_FILE = DarkModeAdapter/Info.plist;
				LD_RUNPATH_SEARCH_PATHS = (
					"$(inherited)",
					"@executable_path/../Frameworks",
				);
				PRODUCT_BUNDLE_IDENTIFIER = com.alexiuce.DarkModeAdapter;
				PRODUCT_NAME = "$(TARGET_NAME)";
				SWIFT_VERSION = 4.2;
			};
			name = Debug;
		};
		D837FCE1219FD9B000FB7A96 /* Release */ = {
			isa = XCBuildConfiguration;
			buildSettings = {
				ASSETCATALOG_COMPILER_APPICON_NAME = AppIcon;
				CODE_SIGN_ENTITLEMENTS = DarkModeAdapter/DarkModeAdapter.entitlements;
				CODE_SIGN_STYLE = Automatic;
				COMBINE_HIDPI_IMAGES = YES;
				DEVELOPMENT_TEAM = AAV8FD48R9;
				INFOPLIST_FILE = DarkModeAdapter/Info.plist;
				LD_RUNPATH_SEARCH_PATHS = (
					"$(inherited)",
					"@executable_path/../Frameworks",
				);
				PRODUCT_BUNDLE_IDENTIFIER = com.alexiuce.DarkModeAdapter;
				PRODUCT_NAME = "$(TARGET_NAME)";
				SWIFT_VERSION = 4.2;
			};
			name = Release;
		};
/* End XCBuildConfiguration section */

/* Begin XCConfigurationList section */
		D837FCCA219FD9AF00FB7A96 /* Build configuration list for PBXProject "DarkModeAdapter" */ = {
			isa = XCConfigurationList;
			buildConfigurations = (
				D837FCDD219FD9B000FB7A96 /* Debug */,
				D837FCDE219FD9B000FB7A96 /* Release */,
			);
			defaultConfigurationIsVisible = 0;
			defaultConfigurationName = Release;
		};
		D837FCDF219FD9B000FB7A96 /* Build configuration list for PBXNativeTarget "DarkModeAdapter" */ = {
			isa = XCConfigurationList;
			buildConfigurations = (
				D837FCE0219FD9B000FB7A96 /* Debug */,
				D837FCE1219FD9B000FB7A96 /* Release */,
			);
			defaultConfigurationIsVisible = 0;
			defaultConfigurationName = Release;
		};
/* End XCConfigurationList section */
	};
	rootObject = D837FCC7219FD9AF00FB7A96 /* Project object */;
}
